
Microsoft Visual Studio Solution File, Format Version 12.00
# Visual Studio Version 16
VisualStudioVersion = 16.0.29806.167
MinimumVisualStudioVersion = 10.0.40219.1
Project("{9A19103F-16F7-4668-BE54-9A1E7A4F7556}") = "StartupDemo", "StartupDemo\StartupDemo.csproj", "{F04B8416-220B-48C7-8498-99B6C06C9035}"
EndProject
Project("{9A19103F-16F7-4668-BE54-9A1E7A4F7556}") = "DependencyInjectionDemo", "DependencyInjectionDemo\DependencyInjectionDemo.csproj", "{9471C3F9-7EF1-47BC-BC10-3CEC516EA09A}"
EndProject
Project("{2150E333-8FDC-42A3-9474-1A3956D46DE8}") = "01.Startup", "01.Startup", "{4F0A6C27-76F6-4250-A74E-308FAE856E5B}"
EndProject
Project("{2150E333-8FDC-42A3-9474-1A3956D46DE8}") = "02.DependencyInjection", "02.DependencyInjection", "{263E7F21-0F55-4EFD-8F61-4A46FEE10D51}"
EndProject
Project("{9A19103F-16F7-4668-BE54-9A1E7A4F7556}") = "DependencyInjectionScopeAndDisposableDemo", "DependencyInjectionScopeAndDisposableDemo\DependencyInjectionScopeAndDisposableDemo.csproj", "{BF3D0871-DC2C-447F-87DA-14B024899400}"
EndProject
Project("{9A19103F-16F7-4668-BE54-9A1E7A4F7556}") = "DependencyInjectionAutofacDemo", "DependencyInjectionAutofacDemo\DependencyInjectionAutofacDemo.csproj", "{0FAAA10B-FE73-4223-9903-255ED425ED43}"
EndProject
Project("{2150E333-8FDC-42A3-9474-1A3956D46DE8}") = "03.Configuration", "03.Configuration", "{FFBD175E-65F9-4D56-AB6A-829990D3D073}"
EndProject
Project("{9A19103F-16F7-4668-BE54-9A1E7A4F7556}") = "ConfigurationDemo", "ConfigurationDemo\ConfigurationDemo.csproj", "{C6CDFC57-ECA8-410B-856F-884E5DDCF2BB}"
EndProject
Project("{9A19103F-16F7-4668-BE54-9A1E7A4F7556}") = "ConfigurationCommandLineDemo", "ConfigurationCommandLineDemo\ConfigurationCommandLineDemo.csproj", "{172E8E76-B233-4626-8EBB-EDCC491B1853}"
EndProject
Project("{9A19103F-16F7-4668-BE54-9A1E7A4F7556}") = "ConfigurationEnvironmentVariablesDemo", "ConfigurationEnvironmentVariablesDemo\ConfigurationEnvironmentVariablesDemo.csproj", "{860D057D-CAC1-484C-8971-E55708A3ED79}"
EndProject
Project("{9A19103F-16F7-4668-BE54-9A1E7A4F7556}") = "ConfigurationFileDemo", "ConfigurationFileDemo\ConfigurationFileDemo.csproj", "{74301E9A-4AC8-4AD5-850E-CAC47FE51E22}"
EndProject
Project("{9A19103F-16F7-4668-BE54-9A1E7A4F7556}") = "ConfigurationCustomDemo", "ConfigurationCustomDemo\ConfigurationCustomDemo.csproj", "{54A5B2DA-CA2B-4F82-8E21-DCDE8682168D}"
EndProject
Project("{9A19103F-16F7-4668-BE54-9A1E7A4F7556}") = "OptionsDemo", "OptionsDemo\OptionsDemo.csproj", "{54D17A3B-4339-40B3-A8BB-3D274204A8B2}"
EndProject
Project("{2150E333-8FDC-42A3-9474-1A3956D46DE8}") = "04.Log", "04.Log", "{6596B335-D464-47EA-9BDB-ED2CA0067E55}"
EndProject
Project("{9A19103F-16F7-4668-BE54-9A1E7A4F7556}") = "LoggingSimpleDemo", "LoggingSimpleDemo\LoggingSimpleDemo.csproj", "{AC955159-14EE-4314-AFE6-24F87655D548}"
EndProject
Project("{9A19103F-16F7-4668-BE54-9A1E7A4F7556}") = "LoggingSimpleWebDemo", "LoggingSimpleWebDemo\LoggingSimpleWebDemo.csproj", "{2B4F18F3-26F2-4B9D-B744-449D24026D0C}"
EndProject
Project("{9A19103F-16F7-4668-BE54-9A1E7A4F7556}") = "LoggingSerilogDemo", "LoggingSerilogDemo\LoggingSerilogDemo.csproj", "{6A7F84C3-D2C0-4C07-AA59-ADB8F7E9E7D9}"
EndProject
Project("{2150E333-8FDC-42A3-9474-1A3956D46DE8}") = "05.Middleware", "05.Middleware", "{4FC89C70-50DD-4D96-AE7A-007A53D6C524}"
EndProject
Project("{9A19103F-16F7-4668-BE54-9A1E7A4F7556}") = "MiddlewareDemo", "MiddlewareDemo\MiddlewareDemo.csproj", "{F93A8337-9A00-434F-91FF-BFB49D226393}"
EndProject
Project("{9A19103F-16F7-4668-BE54-9A1E7A4F7556}") = "ExceptionDemo", "ExceptionDemo\ExceptionDemo.csproj", "{6857D2A9-48FC-4895-A5BF-169528C1964A}"
EndProject
Project("{9A19103F-16F7-4668-BE54-9A1E7A4F7556}") = "StaticFilesDemo", "StaticFilesDemo\StaticFilesDemo.csproj", "{519E3A6C-F436-4F3E-930C-5C72CA015C65}"
EndProject
Project("{2150E333-8FDC-42A3-9474-1A3956D46DE8}") = "06.File", "06.File", "{EF8A218B-2530-40A3-A24C-0B40188DF636}"
EndProject
Project("{9A19103F-16F7-4668-BE54-9A1E7A4F7556}") = "FileProviderDemo", "FileProviderDemo\FileProviderDemo.csproj", "{9B81B6C0-55E2-46F7-9D79-E243AF2EBD9A}"
EndProject
Project("{2150E333-8FDC-42A3-9474-1A3956D46DE8}") = "07.Routing", "07.Routing", "{6CB13370-A391-4610-94C9-A87173D726C8}"
EndProject
Project("{9A19103F-16F7-4668-BE54-9A1E7A4F7556}") = "RoutingDemo", "RoutingDemo\RoutingDemo.csproj", "{B6CF4C34-F864-4C55-AB44-D986F934EEE0}"
EndProject
Project("{2150E333-8FDC-42A3-9474-1A3956D46DE8}") = "08.MicroService(Fail)", "08.MicroService(Fail)", "{3DE63A71-CB89-4B8C-825F-E0C9A43C394A}"
EndProject
Project("{2150E333-8FDC-42A3-9474-1A3956D46DE8}") = "Application", "Application", "{9BB27811-1E68-46D7-BC6A-5373D32C39E9}"
EndProject
Project("{2150E333-8FDC-42A3-9474-1A3956D46DE8}") = "Domain", "Domain", "{569AE273-2F58-41DE-AA72-9BBB062DD128}"
EndProject
Project("{2150E333-8FDC-42A3-9474-1A3956D46DE8}") = "Shared", "Shared", "{69EFEBE3-07CB-414F-AA43-9E83835A253B}"
EndProject
Project("{2150E333-8FDC-42A3-9474-1A3956D46DE8}") = "Infrastructure", "Infrastructure", "{75C2C7DD-D12D-4824-AE27-9A7DC15F3554}"
EndProject
Project("{9A19103F-16F7-4668-BE54-9A1E7A4F7556}") = "GeekTime.Core", "GeekTime.Core\GeekTime.Core.csproj", "{3BB4D230-B61D-4C54-8C70-B230E864B7F0}"
EndProject
Project("{9A19103F-16F7-4668-BE54-9A1E7A4F7556}") = "GeekTime.Domain.Abstractions", "GeekTime.Domain.Abstractions\GeekTime.Domain.Abstractions.csproj", "{040D002D-B251-45BA-9C14-52FA92E08E90}"
EndProject
Project("{9A19103F-16F7-4668-BE54-9A1E7A4F7556}") = "GeekTime.Infrastructure.Core", "GeekTime.Infrastructure.Core\GeekTime.Infrastructure.Core.csproj", "{A1A457CD-14DC-4FF5-BA4F-4BC093331396}"
EndProject
Project("{9A19103F-16F7-4668-BE54-9A1E7A4F7556}") = "GeekTime.Domain", "GeekTime.Domain\GeekTime.Domain.csproj", "{14C77DD7-3022-4B9A-82B1-7392B2B3F12A}"
EndProject
Project("{9A19103F-16F7-4668-BE54-9A1E7A4F7556}") = "GeekTime.Infrastructure", "GeekTime.Infrastructure\GeekTime.Infrastructure.csproj", "{46CAAE76-0A9D-4990-A657-E2BD3F7D44B1}"
EndProject
Project("{9A19103F-16F7-4668-BE54-9A1E7A4F7556}") = "GeekTime.API", "GeekTime.API\GeekTime.API.csproj", "{B37319AF-F0C0-4788-92C5-9E8A9785D097}"
EndProject
Project("{9A19103F-16F7-4668-BE54-9A1E7A4F7556}") = "GeekTime.BackgroundTasks", "GeekTime.BackgroundTasks\GeekTime.BackgroundTasks.csproj", "{747F55E3-6354-42A9-89A7-B24E96F4A721}"
EndProject
Project("{2150E333-8FDC-42A3-9474-1A3956D46DE8}") = "09.MediatR", "09.MediatR", "{D3AC74E3-8FF4-403E-81A7-C7687F86F495}"
EndProject
Project("{9A19103F-16F7-4668-BE54-9A1E7A4F7556}") = "MediatorDemo", "MediatorDemo\MediatorDemo.csproj", "{E2949106-B627-4427-BF21-82BF9C5D4B61}"
EndProject
Project("{2150E333-8FDC-42A3-9474-1A3956D46DE8}") = "11.gRPC", "11.gRPC", "{DD935A08-6ABF-4096-BA0A-FEB87EE6611D}"
EndProject
Project("{9A19103F-16F7-4668-BE54-9A1E7A4F7556}") = "GrpcServerDemo", "GrpcServerDemo\GrpcServerDemo.csproj", "{3E388718-DF52-4A0A-9700-75192E281317}"
EndProject
Project("{9A19103F-16F7-4668-BE54-9A1E7A4F7556}") = "GrpcClientDemo", "GrpcClientDemo\GrpcClientDemo.csproj", "{AAE51DB7-5894-4D45-9D5A-EBC6343278BE}"
EndProject
Project("{2150E333-8FDC-42A3-9474-1A3956D46DE8}") = "10.MicroService", "10.MicroService", "{305460A8-7B59-48D9-A49B-FACD202B7629}"
EndProject
Project("{2150E333-8FDC-42A3-9474-1A3956D46DE8}") = "Application", "Application", "{ACDAC7C2-29B8-4AB6-B01B-15C0FC995A0D}"
EndProject
Project("{2150E333-8FDC-42A3-9474-1A3956D46DE8}") = "Domain", "Domain", "{A710E543-DC70-42F5-9669-24267EB1E1A8}"
EndProject
Project("{2150E333-8FDC-42A3-9474-1A3956D46DE8}") = "Infrastructure", "Infrastructure", "{C4CBD987-4D5C-459A-834E-BAD8693F71A4}"
EndProject
Project("{2150E333-8FDC-42A3-9474-1A3956D46DE8}") = "Shared", "Shared", "{7CD1D17A-4C38-4E14-81C4-7D1321B3D8AB}"
EndProject
Project("{FAE04EC0-301F-11D3-BF4B-00C04F79EFBC}") = "DimSum.Core", "DimSum.Core\DimSum.Core.csproj", "{42964B77-E6EB-4994-A3DD-ECD5612DAA56}"
EndProject
Project("{FAE04EC0-301F-11D3-BF4B-00C04F79EFBC}") = "DimSum.Domain.Abstractions", "DimSum.Domain.Abstractions\DimSum.Domain.Abstractions.csproj", "{F5192BAD-47E6-4870-ABB6-55942F77CBD4}"
EndProject
Project("{FAE04EC0-301F-11D3-BF4B-00C04F79EFBC}") = "DimSum.Infrastructure.Core", "DimSum.Infrastructure.Core\DimSum.Infrastructure.Core.csproj", "{5F5FF29A-1E94-43E8-BBB6-3218F48F062E}"
EndProject
Project("{FAE04EC0-301F-11D3-BF4B-00C04F79EFBC}") = "DimSum.Domain", "DimSum.Domain\DimSum.Domain.csproj", "{C333E8F2-165C-42E7-B548-18CA89690242}"
EndProject
Project("{FAE04EC0-301F-11D3-BF4B-00C04F79EFBC}") = "DimSum.Infrastructure", "DimSum.Infrastructure\DimSum.Infrastructure.csproj", "{7D5A5602-3CA6-489C-9D1D-0967D7AA9A2F}"
EndProject
Project("{FAE04EC0-301F-11D3-BF4B-00C04F79EFBC}") = "DimSum.API", "DimSum.API\DimSum.API.csproj", "{FED4D625-495E-407F-AFE0-779FA29B6CD1}"
EndProject
Global
	GlobalSection(SolutionConfigurationPlatforms) = preSolution
		Debug|Any CPU = Debug|Any CPU
		Release|Any CPU = Release|Any CPU
	EndGlobalSection
	GlobalSection(ProjectConfigurationPlatforms) = postSolution
		{F04B8416-220B-48C7-8498-99B6C06C9035}.Debug|Any CPU.ActiveCfg = Debug|Any CPU
		{F04B8416-220B-48C7-8498-99B6C06C9035}.Debug|Any CPU.Build.0 = Debug|Any CPU
		{F04B8416-220B-48C7-8498-99B6C06C9035}.Release|Any CPU.ActiveCfg = Release|Any CPU
		{F04B8416-220B-48C7-8498-99B6C06C9035}.Release|Any CPU.Build.0 = Release|Any CPU
		{9471C3F9-7EF1-47BC-BC10-3CEC516EA09A}.Debug|Any CPU.ActiveCfg = Debug|Any CPU
		{9471C3F9-7EF1-47BC-BC10-3CEC516EA09A}.Debug|Any CPU.Build.0 = Debug|Any CPU
		{9471C3F9-7EF1-47BC-BC10-3CEC516EA09A}.Release|Any CPU.ActiveCfg = Release|Any CPU
		{9471C3F9-7EF1-47BC-BC10-3CEC516EA09A}.Release|Any CPU.Build.0 = Release|Any CPU
		{BF3D0871-DC2C-447F-87DA-14B024899400}.Debug|Any CPU.ActiveCfg = Debug|Any CPU
		{BF3D0871-DC2C-447F-87DA-14B024899400}.Debug|Any CPU.Build.0 = Debug|Any CPU
		{BF3D0871-DC2C-447F-87DA-14B024899400}.Release|Any CPU.ActiveCfg = Release|Any CPU
		{BF3D0871-DC2C-447F-87DA-14B024899400}.Release|Any CPU.Build.0 = Release|Any CPU
		{0FAAA10B-FE73-4223-9903-255ED425ED43}.Debug|Any CPU.ActiveCfg = Debug|Any CPU
		{0FAAA10B-FE73-4223-9903-255ED425ED43}.Debug|Any CPU.Build.0 = Debug|Any CPU
		{0FAAA10B-FE73-4223-9903-255ED425ED43}.Release|Any CPU.ActiveCfg = Release|Any CPU
		{0FAAA10B-FE73-4223-9903-255ED425ED43}.Release|Any CPU.Build.0 = Release|Any CPU
		{C6CDFC57-ECA8-410B-856F-884E5DDCF2BB}.Debug|Any CPU.ActiveCfg = Debug|Any CPU
		{C6CDFC57-ECA8-410B-856F-884E5DDCF2BB}.Debug|Any CPU.Build.0 = Debug|Any CPU
		{C6CDFC57-ECA8-410B-856F-884E5DDCF2BB}.Release|Any CPU.ActiveCfg = Release|Any CPU
		{C6CDFC57-ECA8-410B-856F-884E5DDCF2BB}.Release|Any CPU.Build.0 = Release|Any CPU
		{172E8E76-B233-4626-8EBB-EDCC491B1853}.Debug|Any CPU.ActiveCfg = Debug|Any CPU
		{172E8E76-B233-4626-8EBB-EDCC491B1853}.Debug|Any CPU.Build.0 = Debug|Any CPU
		{172E8E76-B233-4626-8EBB-EDCC491B1853}.Release|Any CPU.ActiveCfg = Release|Any CPU
		{172E8E76-B233-4626-8EBB-EDCC491B1853}.Release|Any CPU.Build.0 = Release|Any CPU
		{860D057D-CAC1-484C-8971-E55708A3ED79}.Debug|Any CPU.ActiveCfg = Debug|Any CPU
		{860D057D-CAC1-484C-8971-E55708A3ED79}.Debug|Any CPU.Build.0 = Debug|Any CPU
		{860D057D-CAC1-484C-8971-E55708A3ED79}.Release|Any CPU.ActiveCfg = Release|Any CPU
		{860D057D-CAC1-484C-8971-E55708A3ED79}.Release|Any CPU.Build.0 = Release|Any CPU
		{74301E9A-4AC8-4AD5-850E-CAC47FE51E22}.Debug|Any CPU.ActiveCfg = Debug|Any CPU
		{74301E9A-4AC8-4AD5-850E-CAC47FE51E22}.Debug|Any CPU.Build.0 = Debug|Any CPU
		{74301E9A-4AC8-4AD5-850E-CAC47FE51E22}.Release|Any CPU.ActiveCfg = Release|Any CPU
		{74301E9A-4AC8-4AD5-850E-CAC47FE51E22}.Release|Any CPU.Build.0 = Release|Any CPU
		{54A5B2DA-CA2B-4F82-8E21-DCDE8682168D}.Debug|Any CPU.ActiveCfg = Debug|Any CPU
		{54A5B2DA-CA2B-4F82-8E21-DCDE8682168D}.Debug|Any CPU.Build.0 = Debug|Any CPU
		{54A5B2DA-CA2B-4F82-8E21-DCDE8682168D}.Release|Any CPU.ActiveCfg = Release|Any CPU
		{54A5B2DA-CA2B-4F82-8E21-DCDE8682168D}.Release|Any CPU.Build.0 = Release|Any CPU
		{54D17A3B-4339-40B3-A8BB-3D274204A8B2}.Debug|Any CPU.ActiveCfg = Debug|Any CPU
		{54D17A3B-4339-40B3-A8BB-3D274204A8B2}.Debug|Any CPU.Build.0 = Debug|Any CPU
		{54D17A3B-4339-40B3-A8BB-3D274204A8B2}.Release|Any CPU.ActiveCfg = Release|Any CPU
		{54D17A3B-4339-40B3-A8BB-3D274204A8B2}.Release|Any CPU.Build.0 = Release|Any CPU
		{AC955159-14EE-4314-AFE6-24F87655D548}.Debug|Any CPU.ActiveCfg = Debug|Any CPU
		{AC955159-14EE-4314-AFE6-24F87655D548}.Debug|Any CPU.Build.0 = Debug|Any CPU
		{AC955159-14EE-4314-AFE6-24F87655D548}.Release|Any CPU.ActiveCfg = Release|Any CPU
		{AC955159-14EE-4314-AFE6-24F87655D548}.Release|Any CPU.Build.0 = Release|Any CPU
		{2B4F18F3-26F2-4B9D-B744-449D24026D0C}.Debug|Any CPU.ActiveCfg = Debug|Any CPU
		{2B4F18F3-26F2-4B9D-B744-449D24026D0C}.Debug|Any CPU.Build.0 = Debug|Any CPU
		{2B4F18F3-26F2-4B9D-B744-449D24026D0C}.Release|Any CPU.ActiveCfg = Release|Any CPU
		{2B4F18F3-26F2-4B9D-B744-449D24026D0C}.Release|Any CPU.Build.0 = Release|Any CPU
		{6A7F84C3-D2C0-4C07-AA59-ADB8F7E9E7D9}.Debug|Any CPU.ActiveCfg = Debug|Any CPU
		{6A7F84C3-D2C0-4C07-AA59-ADB8F7E9E7D9}.Debug|Any CPU.Build.0 = Debug|Any CPU
		{6A7F84C3-D2C0-4C07-AA59-ADB8F7E9E7D9}.Release|Any CPU.ActiveCfg = Release|Any CPU
		{6A7F84C3-D2C0-4C07-AA59-ADB8F7E9E7D9}.Release|Any CPU.Build.0 = Release|Any CPU
		{F93A8337-9A00-434F-91FF-BFB49D226393}.Debug|Any CPU.ActiveCfg = Debug|Any CPU
		{F93A8337-9A00-434F-91FF-BFB49D226393}.Debug|Any CPU.Build.0 = Debug|Any CPU
		{F93A8337-9A00-434F-91FF-BFB49D226393}.Release|Any CPU.ActiveCfg = Release|Any CPU
		{F93A8337-9A00-434F-91FF-BFB49D226393}.Release|Any CPU.Build.0 = Release|Any CPU
		{6857D2A9-48FC-4895-A5BF-169528C1964A}.Debug|Any CPU.ActiveCfg = Debug|Any CPU
		{6857D2A9-48FC-4895-A5BF-169528C1964A}.Debug|Any CPU.Build.0 = Debug|Any CPU
		{6857D2A9-48FC-4895-A5BF-169528C1964A}.Release|Any CPU.ActiveCfg = Release|Any CPU
		{6857D2A9-48FC-4895-A5BF-169528C1964A}.Release|Any CPU.Build.0 = Release|Any CPU
		{519E3A6C-F436-4F3E-930C-5C72CA015C65}.Debug|Any CPU.ActiveCfg = Debug|Any CPU
		{519E3A6C-F436-4F3E-930C-5C72CA015C65}.Debug|Any CPU.Build.0 = Debug|Any CPU
		{519E3A6C-F436-4F3E-930C-5C72CA015C65}.Release|Any CPU.ActiveCfg = Release|Any CPU
		{519E3A6C-F436-4F3E-930C-5C72CA015C65}.Release|Any CPU.Build.0 = Release|Any CPU
		{9B81B6C0-55E2-46F7-9D79-E243AF2EBD9A}.Debug|Any CPU.ActiveCfg = Debug|Any CPU
		{9B81B6C0-55E2-46F7-9D79-E243AF2EBD9A}.Debug|Any CPU.Build.0 = Debug|Any CPU
		{9B81B6C0-55E2-46F7-9D79-E243AF2EBD9A}.Release|Any CPU.ActiveCfg = Release|Any CPU
		{9B81B6C0-55E2-46F7-9D79-E243AF2EBD9A}.Release|Any CPU.Build.0 = Release|Any CPU
		{B6CF4C34-F864-4C55-AB44-D986F934EEE0}.Debug|Any CPU.ActiveCfg = Debug|Any CPU
		{B6CF4C34-F864-4C55-AB44-D986F934EEE0}.Debug|Any CPU.Build.0 = Debug|Any CPU
		{B6CF4C34-F864-4C55-AB44-D986F934EEE0}.Release|Any CPU.ActiveCfg = Release|Any CPU
		{B6CF4C34-F864-4C55-AB44-D986F934EEE0}.Release|Any CPU.Build.0 = Release|Any CPU
		{3BB4D230-B61D-4C54-8C70-B230E864B7F0}.Debug|Any CPU.ActiveCfg = Debug|Any CPU
		{3BB4D230-B61D-4C54-8C70-B230E864B7F0}.Debug|Any CPU.Build.0 = Debug|Any CPU
		{3BB4D230-B61D-4C54-8C70-B230E864B7F0}.Release|Any CPU.ActiveCfg = Release|Any CPU
		{3BB4D230-B61D-4C54-8C70-B230E864B7F0}.Release|Any CPU.Build.0 = Release|Any CPU
		{040D002D-B251-45BA-9C14-52FA92E08E90}.Debug|Any CPU.ActiveCfg = Debug|Any CPU
		{040D002D-B251-45BA-9C14-52FA92E08E90}.Debug|Any CPU.Build.0 = Debug|Any CPU
		{040D002D-B251-45BA-9C14-52FA92E08E90}.Release|Any CPU.ActiveCfg = Release|Any CPU
		{040D002D-B251-45BA-9C14-52FA92E08E90}.Release|Any CPU.Build.0 = Release|Any CPU
		{A1A457CD-14DC-4FF5-BA4F-4BC093331396}.Debug|Any CPU.ActiveCfg = Debug|Any CPU
		{A1A457CD-14DC-4FF5-BA4F-4BC093331396}.Debug|Any CPU.Build.0 = Debug|Any CPU
		{A1A457CD-14DC-4FF5-BA4F-4BC093331396}.Release|Any CPU.ActiveCfg = Release|Any CPU
		{A1A457CD-14DC-4FF5-BA4F-4BC093331396}.Release|Any CPU.Build.0 = Release|Any CPU
		{14C77DD7-3022-4B9A-82B1-7392B2B3F12A}.Debug|Any CPU.ActiveCfg = Debug|Any CPU
		{14C77DD7-3022-4B9A-82B1-7392B2B3F12A}.Debug|Any CPU.Build.0 = Debug|Any CPU
		{14C77DD7-3022-4B9A-82B1-7392B2B3F12A}.Release|Any CPU.ActiveCfg = Release|Any CPU
		{14C77DD7-3022-4B9A-82B1-7392B2B3F12A}.Release|Any CPU.Build.0 = Release|Any CPU
		{46CAAE76-0A9D-4990-A657-E2BD3F7D44B1}.Debug|Any CPU.ActiveCfg = Debug|Any CPU
		{46CAAE76-0A9D-4990-A657-E2BD3F7D44B1}.Debug|Any CPU.Build.0 = Debug|Any CPU
		{46CAAE76-0A9D-4990-A657-E2BD3F7D44B1}.Release|Any CPU.ActiveCfg = Release|Any CPU
		{46CAAE76-0A9D-4990-A657-E2BD3F7D44B1}.Release|Any CPU.Build.0 = Release|Any CPU
		{B37319AF-F0C0-4788-92C5-9E8A9785D097}.Debug|Any CPU.ActiveCfg = Debug|Any CPU
		{B37319AF-F0C0-4788-92C5-9E8A9785D097}.Debug|Any CPU.Build.0 = Debug|Any CPU
		{B37319AF-F0C0-4788-92C5-9E8A9785D097}.Release|Any CPU.ActiveCfg = Release|Any CPU
		{B37319AF-F0C0-4788-92C5-9E8A9785D097}.Release|Any CPU.Build.0 = Release|Any CPU
		{747F55E3-6354-42A9-89A7-B24E96F4A721}.Debug|Any CPU.ActiveCfg = Debug|Any CPU
		{747F55E3-6354-42A9-89A7-B24E96F4A721}.Debug|Any CPU.Build.0 = Debug|Any CPU
		{747F55E3-6354-42A9-89A7-B24E96F4A721}.Release|Any CPU.ActiveCfg = Release|Any CPU
		{747F55E3-6354-42A9-89A7-B24E96F4A721}.Release|Any CPU.Build.0 = Release|Any CPU
		{E2949106-B627-4427-BF21-82BF9C5D4B61}.Debug|Any CPU.ActiveCfg = Debug|Any CPU
		{E2949106-B627-4427-BF21-82BF9C5D4B61}.Debug|Any CPU.Build.0 = Debug|Any CPU
		{E2949106-B627-4427-BF21-82BF9C5D4B61}.Release|Any CPU.ActiveCfg = Release|Any CPU
		{E2949106-B627-4427-BF21-82BF9C5D4B61}.Release|Any CPU.Build.0 = Release|Any CPU
		{3E388718-DF52-4A0A-9700-75192E281317}.Debug|Any CPU.ActiveCfg = Debug|Any CPU
		{3E388718-DF52-4A0A-9700-75192E281317}.Debug|Any CPU.Build.0 = Debug|Any CPU
		{3E388718-DF52-4A0A-9700-75192E281317}.Release|Any CPU.ActiveCfg = Release|Any CPU
		{3E388718-DF52-4A0A-9700-75192E281317}.Release|Any CPU.Build.0 = Release|Any CPU
		{AAE51DB7-5894-4D45-9D5A-EBC6343278BE}.Debug|Any CPU.ActiveCfg = Debug|Any CPU
		{AAE51DB7-5894-4D45-9D5A-EBC6343278BE}.Debug|Any CPU.Build.0 = Debug|Any CPU
		{AAE51DB7-5894-4D45-9D5A-EBC6343278BE}.Release|Any CPU.ActiveCfg = Release|Any CPU
		{AAE51DB7-5894-4D45-9D5A-EBC6343278BE}.Release|Any CPU.Build.0 = Release|Any CPU
		{42964B77-E6EB-4994-A3DD-ECD5612DAA56}.Debug|Any CPU.ActiveCfg = Debug|Any CPU
		{42964B77-E6EB-4994-A3DD-ECD5612DAA56}.Debug|Any CPU.Build.0 = Debug|Any CPU
		{42964B77-E6EB-4994-A3DD-ECD5612DAA56}.Release|Any CPU.ActiveCfg = Release|Any CPU
		{42964B77-E6EB-4994-A3DD-ECD5612DAA56}.Release|Any CPU.Build.0 = Release|Any CPU
		{F5192BAD-47E6-4870-ABB6-55942F77CBD4}.Debug|Any CPU.ActiveCfg = Debug|Any CPU
		{F5192BAD-47E6-4870-ABB6-55942F77CBD4}.Debug|Any CPU.Build.0 = Debug|Any CPU
		{F5192BAD-47E6-4870-ABB6-55942F77CBD4}.Release|Any CPU.ActiveCfg = Release|Any CPU
		{F5192BAD-47E6-4870-ABB6-55942F77CBD4}.Release|Any CPU.Build.0 = Release|Any CPU
		{5F5FF29A-1E94-43E8-BBB6-3218F48F062E}.Debug|Any CPU.ActiveCfg = Debug|Any CPU
		{5F5FF29A-1E94-43E8-BBB6-3218F48F062E}.Debug|Any CPU.Build.0 = Debug|Any CPU
		{5F5FF29A-1E94-43E8-BBB6-3218F48F062E}.Release|Any CPU.ActiveCfg = Release|Any CPU
		{5F5FF29A-1E94-43E8-BBB6-3218F48F062E}.Release|Any CPU.Build.0 = Release|Any CPU
		{C333E8F2-165C-42E7-B548-18CA89690242}.Debug|Any CPU.ActiveCfg = Debug|Any CPU
		{C333E8F2-165C-42E7-B548-18CA89690242}.Debug|Any CPU.Build.0 = Debug|Any CPU
		{C333E8F2-165C-42E7-B548-18CA89690242}.Release|Any CPU.ActiveCfg = Release|Any CPU
		{C333E8F2-165C-42E7-B548-18CA89690242}.Release|Any CPU.Build.0 = Release|Any CPU
		{7D5A5602-3CA6-489C-9D1D-0967D7AA9A2F}.Debug|Any CPU.ActiveCfg = Debug|Any CPU
		{7D5A5602-3CA6-489C-9D1D-0967D7AA9A2F}.Debug|Any CPU.Build.0 = Debug|Any CPU
		{7D5A5602-3CA6-489C-9D1D-0967D7AA9A2F}.Release|Any CPU.ActiveCfg = Release|Any CPU
		{7D5A5602-3CA6-489C-9D1D-0967D7AA9A2F}.Release|Any CPU.Build.0 = Release|Any CPU
		{FED4D625-495E-407F-AFE0-779FA29B6CD1}.Debug|Any CPU.ActiveCfg = Debug|Any CPU
		{FED4D625-495E-407F-AFE0-779FA29B6CD1}.Debug|Any CPU.Build.0 = Debug|Any CPU
		{FED4D625-495E-407F-AFE0-779FA29B6CD1}.Release|Any CPU.ActiveCfg = Release|Any CPU
		{FED4D625-495E-407F-AFE0-779FA29B6CD1}.Release|Any CPU.Build.0 = Release|Any CPU
	EndGlobalSection
	GlobalSection(SolutionProperties) = preSolution
		HideSolutionNode = FALSE
	EndGlobalSection
	GlobalSection(NestedProjects) = preSolution
		{F04B8416-220B-48C7-8498-99B6C06C9035} = {4F0A6C27-76F6-4250-A74E-308FAE856E5B}
		{9471C3F9-7EF1-47BC-BC10-3CEC516EA09A} = {263E7F21-0F55-4EFD-8F61-4A46FEE10D51}
		{BF3D0871-DC2C-447F-87DA-14B024899400} = {263E7F21-0F55-4EFD-8F61-4A46FEE10D51}
		{0FAAA10B-FE73-4223-9903-255ED425ED43} = {263E7F21-0F55-4EFD-8F61-4A46FEE10D51}
		{C6CDFC57-ECA8-410B-856F-884E5DDCF2BB} = {FFBD175E-65F9-4D56-AB6A-829990D3D073}
		{172E8E76-B233-4626-8EBB-EDCC491B1853} = {FFBD175E-65F9-4D56-AB6A-829990D3D073}
		{860D057D-CAC1-484C-8971-E55708A3ED79} = {FFBD175E-65F9-4D56-AB6A-829990D3D073}
		{74301E9A-4AC8-4AD5-850E-CAC47FE51E22} = {FFBD175E-65F9-4D56-AB6A-829990D3D073}
		{54A5B2DA-CA2B-4F82-8E21-DCDE8682168D} = {FFBD175E-65F9-4D56-AB6A-829990D3D073}
		{54D17A3B-4339-40B3-A8BB-3D274204A8B2} = {FFBD175E-65F9-4D56-AB6A-829990D3D073}
		{AC955159-14EE-4314-AFE6-24F87655D548} = {6596B335-D464-47EA-9BDB-ED2CA0067E55}
		{2B4F18F3-26F2-4B9D-B744-449D24026D0C} = {6596B335-D464-47EA-9BDB-ED2CA0067E55}
		{6A7F84C3-D2C0-4C07-AA59-ADB8F7E9E7D9} = {6596B335-D464-47EA-9BDB-ED2CA0067E55}
		{F93A8337-9A00-434F-91FF-BFB49D226393} = {4FC89C70-50DD-4D96-AE7A-007A53D6C524}
		{6857D2A9-48FC-4895-A5BF-169528C1964A} = {4FC89C70-50DD-4D96-AE7A-007A53D6C524}
		{519E3A6C-F436-4F3E-930C-5C72CA015C65} = {4FC89C70-50DD-4D96-AE7A-007A53D6C524}
		{9B81B6C0-55E2-46F7-9D79-E243AF2EBD9A} = {EF8A218B-2530-40A3-A24C-0B40188DF636}
		{B6CF4C34-F864-4C55-AB44-D986F934EEE0} = {6CB13370-A391-4610-94C9-A87173D726C8}
		{9BB27811-1E68-46D7-BC6A-5373D32C39E9} = {3DE63A71-CB89-4B8C-825F-E0C9A43C394A}
		{569AE273-2F58-41DE-AA72-9BBB062DD128} = {3DE63A71-CB89-4B8C-825F-E0C9A43C394A}
		{69EFEBE3-07CB-414F-AA43-9E83835A253B} = {3DE63A71-CB89-4B8C-825F-E0C9A43C394A}
		{75C2C7DD-D12D-4824-AE27-9A7DC15F3554} = {3DE63A71-CB89-4B8C-825F-E0C9A43C394A}
		{3BB4D230-B61D-4C54-8C70-B230E864B7F0} = {69EFEBE3-07CB-414F-AA43-9E83835A253B}
		{040D002D-B251-45BA-9C14-52FA92E08E90} = {69EFEBE3-07CB-414F-AA43-9E83835A253B}
		{A1A457CD-14DC-4FF5-BA4F-4BC093331396} = {69EFEBE3-07CB-414F-AA43-9E83835A253B}
		{14C77DD7-3022-4B9A-82B1-7392B2B3F12A} = {569AE273-2F58-41DE-AA72-9BBB062DD128}
		{46CAAE76-0A9D-4990-A657-E2BD3F7D44B1} = {75C2C7DD-D12D-4824-AE27-9A7DC15F3554}
		{B37319AF-F0C0-4788-92C5-9E8A9785D097} = {9BB27811-1E68-46D7-BC6A-5373D32C39E9}
		{747F55E3-6354-42A9-89A7-B24E96F4A721} = {9BB27811-1E68-46D7-BC6A-5373D32C39E9}
		{E2949106-B627-4427-BF21-82BF9C5D4B61} = {D3AC74E3-8FF4-403E-81A7-C7687F86F495}
		{3E388718-DF52-4A0A-9700-75192E281317} = {DD935A08-6ABF-4096-BA0A-FEB87EE6611D}
		{AAE51DB7-5894-4D45-9D5A-EBC6343278BE} = {DD935A08-6ABF-4096-BA0A-FEB87EE6611D}
		{ACDAC7C2-29B8-4AB6-B01B-15C0FC995A0D} = {305460A8-7B59-48D9-A49B-FACD202B7629}
		{A710E543-DC70-42F5-9669-24267EB1E1A8} = {305460A8-7B59-48D9-A49B-FACD202B7629}
		{C4CBD987-4D5C-459A-834E-BAD8693F71A4} = {305460A8-7B59-48D9-A49B-FACD202B7629}
		{7CD1D17A-4C38-4E14-81C4-7D1321B3D8AB} = {305460A8-7B59-48D9-A49B-FACD202B7629}
		{42964B77-E6EB-4994-A3DD-ECD5612DAA56} = {7CD1D17A-4C38-4E14-81C4-7D1321B3D8AB}
		{F5192BAD-47E6-4870-ABB6-55942F77CBD4} = {7CD1D17A-4C38-4E14-81C4-7D1321B3D8AB}
		{5F5FF29A-1E94-43E8-BBB6-3218F48F062E} = {7CD1D17A-4C38-4E14-81C4-7D1321B3D8AB}
		{C333E8F2-165C-42E7-B548-18CA89690242} = {A710E543-DC70-42F5-9669-24267EB1E1A8}
		{7D5A5602-3CA6-489C-9D1D-0967D7AA9A2F} = {C4CBD987-4D5C-459A-834E-BAD8693F71A4}
		{FED4D625-495E-407F-AFE0-779FA29B6CD1} = {ACDAC7C2-29B8-4AB6-B01B-15C0FC995A0D}
	EndGlobalSection
	GlobalSection(ExtensibilityGlobals) = postSolution
		SolutionGuid = {9E9D65C7-694A-444A-BF52-13F065509BEB}
	EndGlobalSection
EndGlobal
