
Microsoft Visual Studio Solution File, Format Version 12.00
# Visual Studio Version 16
VisualStudioVersion = 16.0.29806.167
MinimumVisualStudioVersion = 10.0.40219.1
Project("{9A19103F-16F7-4668-BE54-9A1E7A4F7556}") = "StartupDemo", "StartupDemo\StartupDemo.csproj", "{F04B8416-220B-48C7-8498-99B6C06C9035}"
EndProject
Project("{9A19103F-16F7-4668-BE54-9A1E7A4F7556}") = "DependencyInjectionDemo", "DependencyInjectionDemo\DependencyInjectionDemo.csproj", "{9471C3F9-7EF1-47BC-BC10-3CEC516EA09A}"
EndProject
Project("{2150E333-8FDC-42A3-9474-1A3956D46DE8}") = "01.Startup", "01.Startup", "{4F0A6C27-76F6-4250-A74E-308FAE856E5B}"
EndProject
Project("{2150E333-8FDC-42A3-9474-1A3956D46DE8}") = "02.DependencyInjection", "02.DependencyInjection", "{263E7F21-0F55-4EFD-8F61-4A46FEE10D51}"
EndProject
Project("{2150E333-8FDC-42A3-9474-1A3956D46DE8}") = "03.DependencyInjectionScopeAndDisposable", "03.DependencyInjectionScopeAndDisposable", "{9319DC8F-648C-4DEE-93E9-98F09C0DB8F5}"
EndProject
Project("{FAE04EC0-301F-11D3-BF4B-00C04F79EFBC}") = "DependencyInjectionScopeAndDisposableDemo", "DependencyInjectionScopeAndDisposableDemo\DependencyInjectionScopeAndDisposableDemo.csproj", "{BF3D0871-DC2C-447F-87DA-14B024899400}"
EndProject
Project("{FAE04EC0-301F-11D3-BF4B-00C04F79EFBC}") = "DependencyInjectionAutofacDemo", "DependencyInjectionAutofacDemo\DependencyInjectionAutofacDemo.csproj", "{0FAAA10B-FE73-4223-9903-255ED425ED43}"
EndProject
Project("{2150E333-8FDC-42A3-9474-1A3956D46DE8}") = "04.DependencyInjectionAutofac", "04.DependencyInjectionAutofac", "{FB02DBFE-7A4F-4780-99EE-0619DE968E6A}"
EndProject
Global
	GlobalSection(SolutionConfigurationPlatforms) = preSolution
		Debug|Any CPU = Debug|Any CPU
		Release|Any CPU = Release|Any CPU
	EndGlobalSection
	GlobalSection(ProjectConfigurationPlatforms) = postSolution
		{F04B8416-220B-48C7-8498-99B6C06C9035}.Debug|Any CPU.ActiveCfg = Debug|Any CPU
		{F04B8416-220B-48C7-8498-99B6C06C9035}.Debug|Any CPU.Build.0 = Debug|Any CPU
		{F04B8416-220B-48C7-8498-99B6C06C9035}.Release|Any CPU.ActiveCfg = Release|Any CPU
		{F04B8416-220B-48C7-8498-99B6C06C9035}.Release|Any CPU.Build.0 = Release|Any CPU
		{9471C3F9-7EF1-47BC-BC10-3CEC516EA09A}.Debug|Any CPU.ActiveCfg = Debug|Any CPU
		{9471C3F9-7EF1-47BC-BC10-3CEC516EA09A}.Debug|Any CPU.Build.0 = Debug|Any CPU
		{9471C3F9-7EF1-47BC-BC10-3CEC516EA09A}.Release|Any CPU.ActiveCfg = Release|Any CPU
		{9471C3F9-7EF1-47BC-BC10-3CEC516EA09A}.Release|Any CPU.Build.0 = Release|Any CPU
		{BF3D0871-DC2C-447F-87DA-14B024899400}.Debug|Any CPU.ActiveCfg = Debug|Any CPU
		{BF3D0871-DC2C-447F-87DA-14B024899400}.Debug|Any CPU.Build.0 = Debug|Any CPU
		{BF3D0871-DC2C-447F-87DA-14B024899400}.Release|Any CPU.ActiveCfg = Release|Any CPU
		{BF3D0871-DC2C-447F-87DA-14B024899400}.Release|Any CPU.Build.0 = Release|Any CPU
		{0FAAA10B-FE73-4223-9903-255ED425ED43}.Debug|Any CPU.ActiveCfg = Debug|Any CPU
		{0FAAA10B-FE73-4223-9903-255ED425ED43}.Debug|Any CPU.Build.0 = Debug|Any CPU
		{0FAAA10B-FE73-4223-9903-255ED425ED43}.Release|Any CPU.ActiveCfg = Release|Any CPU
		{0FAAA10B-FE73-4223-9903-255ED425ED43}.Release|Any CPU.Build.0 = Release|Any CPU
	EndGlobalSection
	GlobalSection(SolutionProperties) = preSolution
		HideSolutionNode = FALSE
	EndGlobalSection
	GlobalSection(NestedProjects) = preSolution
		{F04B8416-220B-48C7-8498-99B6C06C9035} = {4F0A6C27-76F6-4250-A74E-308FAE856E5B}
		{9471C3F9-7EF1-47BC-BC10-3CEC516EA09A} = {263E7F21-0F55-4EFD-8F61-4A46FEE10D51}
		{BF3D0871-DC2C-447F-87DA-14B024899400} = {9319DC8F-648C-4DEE-93E9-98F09C0DB8F5}
		{0FAAA10B-FE73-4223-9903-255ED425ED43} = {FB02DBFE-7A4F-4780-99EE-0619DE968E6A}
	EndGlobalSection
	GlobalSection(ExtensibilityGlobals) = postSolution
		SolutionGuid = {9E9D65C7-694A-444A-BF52-13F065509BEB}
	EndGlobalSection
EndGlobal
